
Microsoft Visual Studio Solution File, Format Version 12.00
# Visual Studio Version 17
VisualStudioVersion = 17.11.35222.181
MinimumVisualStudioVersion = 10.0.40219.1
Project("{FAE04EC0-301F-11D3-BF4B-00C04F79EFBC}") = "Task3", "Task3.csproj", "{235AA1C4-42CB-4707-B50D-EEAA2E73151B}"
EndProject
Global
	GlobalSection(SolutionConfigurationPlatforms) = preSolution
		Debug|Any CPU = Debug|Any CPU
		Release|Any CPU = Release|Any CPU
	EndGlobalSection
	GlobalSection(ProjectConfigurationPlatforms) = postSolution
		{235AA1C4-42CB-4707-B50D-EEAA2E73151B}.Debug|Any CPU.ActiveCfg = Debug|Any CPU
		{235AA1C4-42CB-4707-B50D-EEAA2E73151B}.Debug|Any CPU.Build.0 = Debug|Any CPU
		{235AA1C4-42CB-4707-B50D-EEAA2E73151B}.Release|Any CPU.ActiveCfg = Release|Any CPU
		{235AA1C4-42CB-4707-B50D-EEAA2E73151B}.Release|Any CPU.Build.0 = Release|Any CPU
	EndGlobalSection
	GlobalSection(SolutionProperties) = preSolution
		HideSolutionNode = FALSE
	EndGlobalSection
	GlobalSection(ExtensibilityGlobals) = postSolution
		SolutionGuid = {57C65290-D6F0-473F-8E0B-582662FF8F24}
	EndGlobalSection
EndGlobal
